// !$*UTF8*$!
{
	archiveVersion = 1;
	classes = {
	};
	objectVersion = 56;
	objects = {

/* Begin PBXBuildFile section */
		CD9E73712923D16900A4418A /* data.swift in Sources */ = {isa = PBXBuildFile; fileRef = CD9E73702923D16900A4418A /* data.swift */; };
		CD9E73752923DFDC00A4418A /* main.swift in Sources */ = {isa = PBXBuildFile; fileRef = CD9E73742923DFDC00A4418A /* main.swift */; };
		CD9E73772923EF0C00A4418A /* showMenuAndTakeOrder.swift in Sources */ = {isa = PBXBuildFile; fileRef = CD9E73762923EF0C00A4418A /* showMenuAndTakeOrder.swift */; };
		CD9E73792923F23E00A4418A /* chargeCardMoney.swift in Sources */ = {isa = PBXBuildFile; fileRef = CD9E73782923F23E00A4418A /* chargeCardMoney.swift */; };
		CD9E737B2923F26C00A4418A /* checkCardMoney.swift in Sources */ = {isa = PBXBuildFile; fileRef = CD9E737A2923F26C00A4418A /* checkCardMoney.swift */; };
		CD9E737D2923FB3E00A4418A /* chargeStock.swift in Sources */ = {isa = PBXBuildFile; fileRef = CD9E737C2923FB3E00A4418A /* chargeStock.swift */; };
/* End PBXBuildFile section */

/* Begin PBXCopyFilesBuildPhase section */
		CD9E73622922826600A4418A /* CopyFiles */ = {
			isa = PBXCopyFilesBuildPhase;
			buildActionMask = 2147483647;
			dstPath = /usr/share/man/man1/;
			dstSubfolderSpec = 0;
			files = (
			);
			runOnlyForDeploymentPostprocessing = 1;
		};
/* End PBXCopyFilesBuildPhase section */

/* Begin PBXFileReference section */
		CD9E73642922826600A4418A /* CaffeApp_Features */ = {isa = PBXFileReference; explicitFileType = "compiled.mach-o.executable"; includeInIndex = 0; path = CaffeApp_Features; sourceTree = BUILT_PRODUCTS_DIR; };
		CD9E73702923D16900A4418A /* data.swift */ = {isa = PBXFileReference; lastKnownFileType = sourcecode.swift; path = data.swift; sourceTree = "<group>"; };
		CD9E73742923DFDC00A4418A /* main.swift */ = {isa = PBXFileReference; lastKnownFileType = sourcecode.swift; path = main.swift; sourceTree = "<group>"; };
		CD9E73762923EF0C00A4418A /* showMenuAndTakeOrder.swift */ = {isa = PBXFileReference; lastKnownFileType = sourcecode.swift; path = showMenuAndTakeOrder.swift; sourceTree = "<group>"; };
		CD9E73782923F23E00A4418A /* chargeCardMoney.swift */ = {isa = PBXFileReference; lastKnownFileType = sourcecode.swift; path = chargeCardMoney.swift; sourceTree = "<group>"; };
		CD9E737A2923F26C00A4418A /* checkCardMoney.swift */ = {isa = PBXFileReference; lastKnownFileType = sourcecode.swift; path = checkCardMoney.swift; sourceTree = "<group>"; };
		CD9E737C2923FB3E00A4418A /* chargeStock.swift */ = {isa = PBXFileReference; lastKnownFileType = sourcecode.swift; path = chargeStock.swift; sourceTree = "<group>"; };
/* End PBXFileReference section */

/* Begin PBXFrameworksBuildPhase section */
		CD9E73612922826600A4418A /* Frameworks */ = {
			isa = PBXFrameworksBuildPhase;
			buildActionMask = 2147483647;
			files = (
			);
			runOnlyForDeploymentPostprocessing = 0;
		};
/* End PBXFrameworksBuildPhase section */

/* Begin PBXGroup section */
		CD9E735B2922826600A4418A = {
			isa = PBXGroup;
			children = (
				CD9E73662922826600A4418A /* CaffeApp_Features */,
				CD9E73652922826600A4418A /* Products */,
			);
			sourceTree = "<group>";
		};
		CD9E73652922826600A4418A /* Products */ = {
			isa = PBXGroup;
			children = (
				CD9E73642922826600A4418A /* CaffeApp_Features */,
			);
			name = Products;
			sourceTree = "<group>";
		};
		CD9E73662922826600A4418A /* CaffeApp_Features */ = {
			isa = PBXGroup;
			children = (
				CD9E73742923DFDC00A4418A /* main.swift */,
				CD9E73702923D16900A4418A /* data.swift */,
				CD9E73762923EF0C00A4418A /* showMenuAndTakeOrder.swift */,
				CD9E73782923F23E00A4418A /* chargeCardMoney.swift */,
				CD9E737A2923F26C00A4418A /* checkCardMoney.swift */,
				CD9E737C2923FB3E00A4418A /* chargeStock.swift */,
			);
			path = CaffeApp_Features;
			sourceTree = "<group>";
		};
/* End PBXGroup section */

/* Begin PBXNativeTarget section */
		CD9E73632922826600A4418A /* CaffeApp_Features */ = {
			isa = PBXNativeTarget;
			buildConfigurationList = CD9E736B2922826600A4418A /* Build configuration list for PBXNativeTarget "CaffeApp_Features" */;
			buildPhases = (
				CD9E73602922826600A4418A /* Sources */,
				CD9E73612922826600A4418A /* Frameworks */,
				CD9E73622922826600A4418A /* CopyFiles */,
			);
			buildRules = (
			);
			dependencies = (
			);
			name = CaffeApp_Features;
			productName = CaffeApp_Features;
			productReference = CD9E73642922826600A4418A /* CaffeApp_Features */;
			productType = "com.apple.product-type.tool";
		};
/* End PBXNativeTarget section */

/* Begin PBXProject section */
		CD9E735C2922826600A4418A /* Project object */ = {
			isa = PBXProject;
			attributes = {
				BuildIndependentTargetsInParallel = 1;
				LastSwiftUpdateCheck = 1410;
				LastUpgradeCheck = 1410;
				TargetAttributes = {
					CD9E73632922826600A4418A = {
						CreatedOnToolsVersion = 14.1;
					};
				};
			};
			buildConfigurationList = CD9E735F2922826600A4418A /* Build configuration list for PBXProject "CaffeApp_Features" */;
			compatibilityVersion = "Xcode 14.0";
			developmentRegion = en;
			hasScannedForEncodings = 0;
			knownRegions = (
				en,
				Base,
			);
			mainGroup = CD9E735B2922826600A4418A;
			productRefGroup = CD9E73652922826600A4418A /* Products */;
			projectDirPath = "";
			projectRoot = "";
			targets = (
				CD9E73632922826600A4418A /* CaffeApp_Features */,
			);
		};
/* End PBXProject section */

/* Begin PBXSourcesBuildPhase section */
		CD9E73602922826600A4418A /* Sources */ = {
			isa = PBXSourcesBuildPhase;
			buildActionMask = 2147483647;
			files = (
				CD9E73792923F23E00A4418A /* chargeCardMoney.swift in Sources */,
				CD9E73712923D16900A4418A /* data.swift in Sources */,
				CD9E73772923EF0C00A4418A /* showMenuAndTakeOrder.swift in Sources */,
				CD9E737B2923F26C00A4418A /* checkCardMoney.swift in Sources */,
				CD9E737D2923FB3E00A4418A /* chargeStock.swift in Sources */,
				CD9E73752923DFDC00A4418A /* main.swift in Sources */,
			);
			runOnlyForDeploymentPostprocessing = 0;
		};
/* End PBXSourcesBuildPhase section */

/* Begin XCBuildConfiguration section */
		CD9E73692922826600A4418A /* Debug */ = {
			isa = XCBuildConfiguration;
			buildSettings = {
				ALWAYS_SEARCH_USER_PATHS = NO;
				CLANG_ANALYZER_NONNULL = YES;
				CLANG_ANALYZER_NUMBER_OBJECT_CONVERSION = YES_AGGRESSIVE;
				CLANG_CXX_LANGUAGE_STANDARD = "gnu++20";
				CLANG_ENABLE_MODULES = YES;
				CLANG_ENABLE_OBJC_ARC = YES;
				CLANG_ENABLE_OBJC_WEAK = YES;
				CLANG_WARN_BLOCK_CAPTURE_AUTORELEASING = YES;
				CLANG_WARN_BOOL_CONVERSION = YES;
				CLANG_WARN_COMMA = YES;
				CLANG_WARN_CONSTANT_CONVERSION = YES;
				CLANG_WARN_DEPRECATED_OBJC_IMPLEMENTATIONS = YES;
				CLANG_WARN_DIRECT_OBJC_ISA_USAGE = YES_ERROR;
				CLANG_WARN_DOCUMENTATION_COMMENTS = YES;
				CLANG_WARN_EMPTY_BODY = YES;
				CLANG_WARN_ENUM_CONVERSION = YES;
				CLANG_WARN_INFINITE_RECURSION = YES;
				CLANG_WARN_INT_CONVERSION = YES;
				CLANG_WARN_NON_LITERAL_NULL_CONVERSION = YES;
				CLANG_WARN_OBJC_IMPLICIT_RETAIN_SELF = YES;
				CLANG_WARN_OBJC_LITERAL_CONVERSION = YES;
				CLANG_WARN_OBJC_ROOT_CLASS = YES_ERROR;
				CLANG_WARN_QUOTED_INCLUDE_IN_FRAMEWORK_HEADER = YES;
				CLANG_WARN_RANGE_LOOP_ANALYSIS = YES;
				CLANG_WARN_STRICT_PROTOTYPES = YES;
				CLANG_WARN_SUSPICIOUS_MOVE = YES;
				CLANG_WARN_UNGUARDED_AVAILABILITY = YES_AGGRESSIVE;
				CLANG_WARN_UNREACHABLE_CODE = YES;
				CLANG_WARN__DUPLICATE_METHOD_MATCH = YES;
				COPY_PHASE_STRIP = NO;
				DEBUG_INFORMATION_FORMAT = dwarf;
				ENABLE_STRICT_OBJC_MSGSEND = YES;
				ENABLE_TESTABILITY = YES;
				GCC_C_LANGUAGE_STANDARD = gnu11;
				GCC_DYNAMIC_NO_PIC = NO;
				GCC_NO_COMMON_BLOCKS = YES;
				GCC_OPTIMIZATION_LEVEL = 0;
				GCC_PREPROCESSOR_DEFINITIONS = (
					"DEBUG=1",
					"$(inherited)",
				);
				GCC_WARN_64_TO_32_BIT_CONVERSION = YES;
				GCC_WARN_ABOUT_RETURN_TYPE = YES_ERROR;
				GCC_WARN_UNDECLARED_SELECTOR = YES;
				GCC_WARN_UNINITIALIZED_AUTOS = YES_AGGRESSIVE;
				GCC_WARN_UNUSED_FUNCTION = YES;
				GCC_WARN_UNUSED_VARIABLE = YES;
				MACOSX_DEPLOYMENT_TARGET = 12.6;
				MTL_ENABLE_DEBUG_INFO = INCLUDE_SOURCE;
				MTL_FAST_MATH = YES;
				ONLY_ACTIVE_ARCH = YES;
				SDKROOT = macosx;
				SWIFT_ACTIVE_COMPILATION_CONDITIONS = DEBUG;
				SWIFT_OPTIMIZATION_LEVEL = "-Onone";
			};
			name = Debug;
		};
		CD9E736A2922826600A4418A /* Release */ = {
			isa = XCBuildConfiguration;
			buildSettings = {
				ALWAYS_SEARCH_USER_PATHS = NO;
				CLANG_ANALYZER_NONNULL = YES;
				CLANG_ANALYZER_NUMBER_OBJECT_CONVERSION = YES_AGGRESSIVE;
				CLANG_CXX_LANGUAGE_STANDARD = "gnu++20";
				CLANG_ENABLE_MODULES = YES;
				CLANG_ENABLE_OBJC_ARC = YES;
				CLANG_ENABLE_OBJC_WEAK = YES;
				CLANG_WARN_BLOCK_CAPTURE_AUTORELEASING = YES;
				CLANG_WARN_BOOL_CONVERSION = YES;
				CLANG_WARN_COMMA = YES;
				CLANG_WARN_CONSTANT_CONVERSION = YES;
				CLANG_WARN_DEPRECATED_OBJC_IMPLEMENTATIONS = YES;
				CLANG_WARN_DIRECT_OBJC_ISA_USAGE = YES_ERROR;
				CLANG_WARN_DOCUMENTATION_COMMENTS = YES;
				CLANG_WARN_EMPTY_BODY = YES;
				CLANG_WARN_ENUM_CONVERSION = YES;
				CLANG_WARN_INFINITE_RECURSION = YES;
				CLANG_WARN_INT_CONVERSION = YES;
				CLANG_WARN_NON_LITERAL_NULL_CONVERSION = YES;
				CLANG_WARN_OBJC_IMPLICIT_RETAIN_SELF = YES;
				CLANG_WARN_OBJC_LITERAL_CONVERSION = YES;
				CLANG_WARN_OBJC_ROOT_CLASS = YES_ERROR;
				CLANG_WARN_QUOTED_INCLUDE_IN_FRAMEWORK_HEADER = YES;
				CLANG_WARN_RANGE_LOOP_ANALYSIS = YES;
				CLANG_WARN_STRICT_PROTOTYPES = YES;
				CLANG_WARN_SUSPICIOUS_MOVE = YES;
				CLANG_WARN_UNGUARDED_AVAILABILITY = YES_AGGRESSIVE;
				CLANG_WARN_UNREACHABLE_CODE = YES;
				CLANG_WARN__DUPLICATE_METHOD_MATCH = YES;
				COPY_PHASE_STRIP = NO;
				DEBUG_INFORMATION_FORMAT = "dwarf-with-dsym";
				ENABLE_NS_ASSERTIONS = NO;
				ENABLE_STRICT_OBJC_MSGSEND = YES;
				GCC_C_LANGUAGE_STANDARD = gnu11;
				GCC_NO_COMMON_BLOCKS = YES;
				GCC_WARN_64_TO_32_BIT_CONVERSION = YES;
				GCC_WARN_ABOUT_RETURN_TYPE = YES_ERROR;
				GCC_WARN_UNDECLARED_SELECTOR = YES;
				GCC_WARN_UNINITIALIZED_AUTOS = YES_AGGRESSIVE;
				GCC_WARN_UNUSED_FUNCTION = YES;
				GCC_WARN_UNUSED_VARIABLE = YES;
				MACOSX_DEPLOYMENT_TARGET = 12.6;
				MTL_ENABLE_DEBUG_INFO = NO;
				MTL_FAST_MATH = YES;
				SDKROOT = macosx;
				SWIFT_COMPILATION_MODE = wholemodule;
				SWIFT_OPTIMIZATION_LEVEL = "-O";
			};
			name = Release;
		};
		CD9E736C2922826600A4418A /* Debug */ = {
			isa = XCBuildConfiguration;
			buildSettings = {
				CODE_SIGN_STYLE = Automatic;
				DEVELOPMENT_TEAM = G8XX337GMH;
				ENABLE_HARDENED_RUNTIME = YES;
				PRODUCT_NAME = "$(TARGET_NAME)";
				SWIFT_VERSION = 5.0;
			};
			name = Debug;
		};
		CD9E736D2922826600A4418A /* Release */ = {
			isa = XCBuildConfiguration;
			buildSettings = {
				CODE_SIGN_STYLE = Automatic;
				DEVELOPMENT_TEAM = G8XX337GMH;
				ENABLE_HARDENED_RUNTIME = YES;
				PRODUCT_NAME = "$(TARGET_NAME)";
				SWIFT_VERSION = 5.0;
			};
			name = Release;
		};
/* End XCBuildConfiguration section */

/* Begin XCConfigurationList section */
		CD9E735F2922826600A4418A /* Build configuration list for PBXProject "CaffeApp_Features" */ = {
			isa = XCConfigurationList;
			buildConfigurations = (
				CD9E73692922826600A4418A /* Debug */,
				CD9E736A2922826600A4418A /* Release */,
			);
			defaultConfigurationIsVisible = 0;
			defaultConfigurationName = Release;
		};
		CD9E736B2922826600A4418A /* Build configuration list for PBXNativeTarget "CaffeApp_Features" */ = {
			isa = XCConfigurationList;
			buildConfigurations = (
				CD9E736C2922826600A4418A /* Debug */,
				CD9E736D2922826600A4418A /* Release */,
			);
			defaultConfigurationIsVisible = 0;
			defaultConfigurationName = Release;
		};
/* End XCConfigurationList section */
	};
	rootObject = CD9E735C2922826600A4418A /* Project object */;
}
